
Microsoft Visual Studio Solution File, Format Version 12.00
# Visual Studio Version 17
VisualStudioVersion = 17.14.36301.6 d17.14
MinimumVisualStudioVersion = 10.0.40219.1
Project("{FAE04EC0-301F-11D3-BF4B-00C04F79EFBC}") = "UserContactRegistration.Application", "UserContactRegistration.Application\UserContactRegistration.Application.csproj", "{421CA967-5283-40A8-A1C5-A62F89A22AAD}"
EndProject
Project("{FAE04EC0-301F-11D3-BF4B-00C04F79EFBC}") = "UserContactRegistration.Domain", "UserContactRegistration.Domain\UserContactRegistration.Domain.csproj", "{AA7132BA-99BA-4BEC-8819-209B12087731}"
EndProject
Project("{FAE04EC0-301F-11D3-BF4B-00C04F79EFBC}") = "UserContactRegistration.Infrastructure", "UserContactRegistration.Infrastructure\UserContactRegistration.Infrastructure.csproj", "{CB7840EC-70A9-477F-A8DB-9AFC15402583}"
EndProject
Global
	GlobalSection(SolutionConfigurationPlatforms) = preSolution
		Debug|Any CPU = Debug|Any CPU
		Release|Any CPU = Release|Any CPU
	EndGlobalSection
	GlobalSection(ProjectConfigurationPlatforms) = postSolution
		{421CA967-5283-40A8-A1C5-A62F89A22AAD}.Debug|Any CPU.ActiveCfg = Debug|Any CPU
		{421CA967-5283-40A8-A1C5-A62F89A22AAD}.Debug|Any CPU.Build.0 = Debug|Any CPU
		{421CA967-5283-40A8-A1C5-A62F89A22AAD}.Release|Any CPU.ActiveCfg = Release|Any CPU
		{421CA967-5283-40A8-A1C5-A62F89A22AAD}.Release|Any CPU.Build.0 = Release|Any CPU
		{AA7132BA-99BA-4BEC-8819-209B12087731}.Debug|Any CPU.ActiveCfg = Debug|Any CPU
		{AA7132BA-99BA-4BEC-8819-209B12087731}.Debug|Any CPU.Build.0 = Debug|Any CPU
		{AA7132BA-99BA-4BEC-8819-209B12087731}.Release|Any CPU.ActiveCfg = Release|Any CPU
		{AA7132BA-99BA-4BEC-8819-209B12087731}.Release|Any CPU.Build.0 = Release|Any CPU
		{CB7840EC-70A9-477F-A8DB-9AFC15402583}.Debug|Any CPU.ActiveCfg = Debug|Any CPU
		{CB7840EC-70A9-477F-A8DB-9AFC15402583}.Debug|Any CPU.Build.0 = Debug|Any CPU
		{CB7840EC-70A9-477F-A8DB-9AFC15402583}.Release|Any CPU.ActiveCfg = Release|Any CPU
		{CB7840EC-70A9-477F-A8DB-9AFC15402583}.Release|Any CPU.Build.0 = Release|Any CPU
	EndGlobalSection
	GlobalSection(SolutionProperties) = preSolution
		HideSolutionNode = FALSE
	EndGlobalSection
	GlobalSection(ExtensibilityGlobals) = postSolution
		SolutionGuid = {31A294A4-43CE-40AA-91AD-01FBB6CBD34C}
	EndGlobalSection
EndGlobal
